
Microsoft Visual Studio Solution File, Format Version 12.00
# Visual Studio Version 17
VisualStudioVersion = 17.2.32526.322
MinimumVisualStudioVersion = 10.0.40219.1
Project("{FAE04EC0-301F-11D3-BF4B-00C04F79EFBC}") = "DataLayer", "DataLayer\DataLayer.csproj", "{D57CEC50-8172-4326-94D9-6BE804E1D204}"
EndProject
Project("{FAE04EC0-301F-11D3-BF4B-00C04F79EFBC}") = "WorldCupWindowsForms", "WorldCupWindowsForms\WorldCupWindowsForms.csproj", "{CC0167F4-2516-4137-9572-EA6CDBEE4A16}"
EndProject
Project("{FAE04EC0-301F-11D3-BF4B-00C04F79EFBC}") = "WorldCupWPF", "WorldCupWPF\WorldCupWPF.csproj", "{9452DCF1-27D7-44E2-AB50-9124A33030F0}"
EndProject
Global
	GlobalSection(SolutionConfigurationPlatforms) = preSolution
		Debug|Any CPU = Debug|Any CPU
		Release|Any CPU = Release|Any CPU
	EndGlobalSection
	GlobalSection(ProjectConfigurationPlatforms) = postSolution
		{D57CEC50-8172-4326-94D9-6BE804E1D204}.Debug|Any CPU.ActiveCfg = Debug|Any CPU
		{D57CEC50-8172-4326-94D9-6BE804E1D204}.Debug|Any CPU.Build.0 = Debug|Any CPU
		{D57CEC50-8172-4326-94D9-6BE804E1D204}.Release|Any CPU.ActiveCfg = Release|Any CPU
		{D57CEC50-8172-4326-94D9-6BE804E1D204}.Release|Any CPU.Build.0 = Release|Any CPU
		{CC0167F4-2516-4137-9572-EA6CDBEE4A16}.Debug|Any CPU.ActiveCfg = Debug|Any CPU
		{CC0167F4-2516-4137-9572-EA6CDBEE4A16}.Debug|Any CPU.Build.0 = Debug|Any CPU
		{CC0167F4-2516-4137-9572-EA6CDBEE4A16}.Release|Any CPU.ActiveCfg = Release|Any CPU
		{CC0167F4-2516-4137-9572-EA6CDBEE4A16}.Release|Any CPU.Build.0 = Release|Any CPU
		{9452DCF1-27D7-44E2-AB50-9124A33030F0}.Debug|Any CPU.ActiveCfg = Debug|Any CPU
		{9452DCF1-27D7-44E2-AB50-9124A33030F0}.Debug|Any CPU.Build.0 = Debug|Any CPU
		{9452DCF1-27D7-44E2-AB50-9124A33030F0}.Release|Any CPU.ActiveCfg = Release|Any CPU
		{9452DCF1-27D7-44E2-AB50-9124A33030F0}.Release|Any CPU.Build.0 = Release|Any CPU
	EndGlobalSection
	GlobalSection(SolutionProperties) = preSolution
		HideSolutionNode = FALSE
	EndGlobalSection
	GlobalSection(ExtensibilityGlobals) = postSolution
		SolutionGuid = {4EBE61C6-E6B7-42B9-B1F9-3A121FA8F4ED}
	EndGlobalSection
EndGlobal
